
Microsoft Visual Studio Solution File, Format Version 12.00
# Visual Studio 15
VisualStudioVersion = 15.0.34031.82
MinimumVisualStudioVersion = 10.0.40219.1
Project("{FAE04EC0-301F-11D3-BF4B-00C04F79EFBC}") = "ArrayPractice", "ArrayPractice\ArrayPractice.csproj", "{06614046-1306-4610-9529-C533A9A06AB8}"
EndProject
Global
	GlobalSection(SolutionConfigurationPlatforms) = preSolution
		Debug|Any CPU = Debug|Any CPU
		Release|Any CPU = Release|Any CPU
	EndGlobalSection
	GlobalSection(ProjectConfigurationPlatforms) = postSolution
		{06614046-1306-4610-9529-C533A9A06AB8}.Debug|Any CPU.ActiveCfg = Debug|Any CPU
		{06614046-1306-4610-9529-C533A9A06AB8}.Debug|Any CPU.Build.0 = Debug|Any CPU
		{06614046-1306-4610-9529-C533A9A06AB8}.Release|Any CPU.ActiveCfg = Release|Any CPU
		{06614046-1306-4610-9529-C533A9A06AB8}.Release|Any CPU.Build.0 = Release|Any CPU
	EndGlobalSection
	GlobalSection(SolutionProperties) = preSolution
		HideSolutionNode = FALSE
	EndGlobalSection
	GlobalSection(ExtensibilityGlobals) = postSolution
		SolutionGuid = {0D10F812-D474-4EA5-A645-59AF9991CA9B}
	EndGlobalSection
EndGlobal
